
Microsoft Visual Studio Solution File, Format Version 12.00
# Visual Studio Version 16
VisualStudioVersion = 16.0.28803.202
MinimumVisualStudioVersion = 10.0.40219.1
Project("{9A19103F-16F7-4668-BE54-9A1E7A4F7556}") = "Candea.Common.Logging.Log4Net", "Candea.Common.Logging.Log4Net\Candea.Common.Logging.Log4Net.csproj", "{12D44E98-F4F2-4F69-9247-046E3B53A1F1}"
EndProject
Global
	GlobalSection(SolutionConfigurationPlatforms) = preSolution
		Debug|Any CPU = Debug|Any CPU
		Release|Any CPU = Release|Any CPU
	EndGlobalSection
	GlobalSection(ProjectConfigurationPlatforms) = postSolution
		{12D44E98-F4F2-4F69-9247-046E3B53A1F1}.Debug|Any CPU.ActiveCfg = Debug|Any CPU
		{12D44E98-F4F2-4F69-9247-046E3B53A1F1}.Debug|Any CPU.Build.0 = Debug|Any CPU
		{12D44E98-F4F2-4F69-9247-046E3B53A1F1}.Release|Any CPU.ActiveCfg = Release|Any CPU
		{12D44E98-F4F2-4F69-9247-046E3B53A1F1}.Release|Any CPU.Build.0 = Release|Any CPU
	EndGlobalSection
	GlobalSection(SolutionProperties) = preSolution
		HideSolutionNode = FALSE
	EndGlobalSection
	GlobalSection(ExtensibilityGlobals) = postSolution
		SolutionGuid = {91025B44-F752-4908-8D82-61DFBB2849ED}
	EndGlobalSection
EndGlobal
